{
  "name": "nota-fiscal-app",
  "lockfileVersion": 3,
  "requires": true,
  "packages": {
    "": {
      "dependencies": {
        "maska": "^3.1.1"
      }
    },
    "node_modules/maska": {
      "version": "3.1.1",
      "resolved": "https://registry.npmjs.org/maska/-/maska-3.1.1.tgz",
      "integrity": "sha512-68ZJfZ6/YANwv7CufbQmcCNoHdJnIRxuQgZtSFZe5ltlmZ15ZdA01siUGLh9EfaUX65DN0l/A7g+o2xjTICeGQ==",
      "license": "MIT"
    }
  }
}
